
Microsoft Visual Studio Solution File, Format Version 12.00
# Visual Studio Version 16
VisualStudioVersion = 16.0.30907.101
MinimumVisualStudioVersion = 10.0.40219.1
Project("{9A19103F-16F7-4668-BE54-9A1E7A4F7556}") = "Oop2", "Oop2\Oop2.csproj", "{ECECE869-6EE1-4BDC-A562-F006369E4475}"
EndProject
Project("{FAE04EC0-301F-11D3-BF4B-00C04F79EFBC}") = "Oop3", "Oop3\Oop3.csproj", "{97CD8245-9EF8-4582-9B99-1AB0D190C196}"
EndProject
Global
	GlobalSection(SolutionConfigurationPlatforms) = preSolution
		Debug|Any CPU = Debug|Any CPU
		Release|Any CPU = Release|Any CPU
	EndGlobalSection
	GlobalSection(ProjectConfigurationPlatforms) = postSolution
		{ECECE869-6EE1-4BDC-A562-F006369E4475}.Debug|Any CPU.ActiveCfg = Debug|Any CPU
		{ECECE869-6EE1-4BDC-A562-F006369E4475}.Debug|Any CPU.Build.0 = Debug|Any CPU
		{ECECE869-6EE1-4BDC-A562-F006369E4475}.Release|Any CPU.ActiveCfg = Release|Any CPU
		{ECECE869-6EE1-4BDC-A562-F006369E4475}.Release|Any CPU.Build.0 = Release|Any CPU
		{97CD8245-9EF8-4582-9B99-1AB0D190C196}.Debug|Any CPU.ActiveCfg = Debug|Any CPU
		{97CD8245-9EF8-4582-9B99-1AB0D190C196}.Debug|Any CPU.Build.0 = Debug|Any CPU
		{97CD8245-9EF8-4582-9B99-1AB0D190C196}.Release|Any CPU.ActiveCfg = Release|Any CPU
		{97CD8245-9EF8-4582-9B99-1AB0D190C196}.Release|Any CPU.Build.0 = Release|Any CPU
	EndGlobalSection
	GlobalSection(SolutionProperties) = preSolution
		HideSolutionNode = FALSE
	EndGlobalSection
	GlobalSection(ExtensibilityGlobals) = postSolution
		SolutionGuid = {AC27983A-DA42-46FD-93F1-47AD09B1E682}
	EndGlobalSection
EndGlobal
